<?xml version="1.0" encoding="utf-8"?>
<Project ToolsVersion="4.0" xmlns="http://schemas.microsoft.com/developer/msbuild/2003">
  <ItemGroup>
    <Filter Include="opengl">
      <UniqueIdentifier>{8d45f408-38b2-49fe-b440-32d01fc455bb}</UniqueIdentifier>
    </Filter>
  </ItemGroup>
  <ItemGroup>
    <ClCompile Include="main.cpp" />
    <ClCompile Include="external\src\gl.c">
      <Filter>opengl</Filter>
    </ClCompile>
    <ClCompile Include="GfxDevice.cpp">
      <Filter>opengl</Filter>
    </ClCompile>
    <ClCompile Include="Shader.cpp">
      <Filter>opengl</Filter>
    </ClCompile>
    <ClCompile Include="Mesh.cpp">
      <Filter>opengl</Filter>
    </ClCompile>
    <ClCompile Include="Texture.cpp">
      <Filter>opengl</Filter>
    </ClCompile>
    <ClCompile Include="Camera.cpp" />
    <ClCompile Include="Node.cpp" />
    <ClCompile Include="Component.cpp" />
    <ClCompile Include="CameraManager.cpp" />
    <ClCompile Include="Render.cpp" />
    <ClCompile Include="RenderManager.cpp" />
    <ClCompile Include="Scene.cpp" />
    <ClCompile Include="ResourceManager.cpp" />
    <ClCompile Include="Prefab.cpp" />
    <ClCompile Include="Spin.cpp" />
    <ClCompile Include="LightManager.cpp" />
    <ClCompile Include="Light.cpp" />
    <ClCompile Include="Object.cpp" />
    <ClCompile Include="ObjectManager.cpp" />
  </ItemGroup>
  <ItemGroup>
    <ClInclude Include="GfxDevice.h">
      <Filter>opengl</Filter>
    </ClInclude>
    <ClInclude Include="Shader.h">
      <Filter>opengl</Filter>
    </ClInclude>
    <ClInclude Include="Texture.h">
      <Filter>opengl</Filter>
    </ClInclude>
    <ClInclude Include="Mesh.h">
      <Filter>opengl</Filter>
    </ClInclude>
    <ClInclude Include="Camera.h" />
    <ClInclude Include="Node.h" />
    <ClInclude Include="Component.h" />
    <ClInclude Include="CameraManager.h" />
    <ClInclude Include="Render.h" />
    <ClInclude Include="RenderManager.h" />
    <ClInclude Include="Scene.h" />
    <ClInclude Include="ResourceManager.h" />
    <ClInclude Include="Prefab.h" />
    <ClInclude Include="Spin.h" />
    <ClInclude Include="LightManager.h" />
    <ClInclude Include="Light.h" />
    <ClInclude Include="Object.h" />
    <ClInclude Include="ObjectManager.h" />
    <ClInclude Include="ClassIDs.h" />
  </ItemGroup>
</Project>