<?xml version="1.0" encoding="utf-8"?>
<Project ToolsVersion="4.0" xmlns="http://schemas.microsoft.com/developer/msbuild/2003">
  <ItemGroup>
    <Filter Include="opengl">
      <UniqueIdentifier>{8d45f408-38b2-49fe-b440-32d01fc455bb}</UniqueIdentifier>
    </Filter>
    <Filter Include="lua">
      <UniqueIdentifier>{6a177cc3-e9f2-4ff1-b607-79828690003e}</UniqueIdentifier>
    </Filter>
  </ItemGroup>
  <ItemGroup>
    <ClCompile Include="main.cpp" />
    <ClCompile Include="external\src\gl.c">
      <Filter>opengl</Filter>
    </ClCompile>
    <ClCompile Include="GfxDevice.cpp">
      <Filter>opengl</Filter>
    </ClCompile>
    <ClCompile Include="Shader.cpp">
      <Filter>opengl</Filter>
    </ClCompile>
    <ClCompile Include="Mesh.cpp">
      <Filter>opengl</Filter>
    </ClCompile>
    <ClCompile Include="Texture.cpp">
      <Filter>opengl</Filter>
    </ClCompile>
    <ClCompile Include="Camera.cpp" />
    <ClCompile Include="Node.cpp" />
    <ClCompile Include="Component.cpp" />
    <ClCompile Include="CameraManager.cpp" />
    <ClCompile Include="Render.cpp" />
    <ClCompile Include="RenderManager.cpp" />
    <ClCompile Include="Scene.cpp" />
    <ClCompile Include="ResourceManager.cpp" />
    <ClCompile Include="Prefab.cpp" />
    <ClCompile Include="Spin.cpp" />
    <ClCompile Include="LightManager.cpp" />
    <ClCompile Include="Light.cpp" />
    <ClCompile Include="Object.cpp" />
    <ClCompile Include="ObjectManager.cpp" />
    <ClCompile Include="TimeManger.cpp" />
    <ClCompile Include="InputManager.cpp" />
    <ClCompile Include="ManagerContext.cpp" />
    <ClCompile Include="EditorCameraController.cpp" />
    <ClCompile Include="Font.cpp" />
    <ClCompile Include="TextRender.cpp" />
    <ClCompile Include="..\lua-5.4.6\src\lapi.c">
      <Filter>lua</Filter>
    </ClCompile>
    <ClCompile Include="..\lua-5.4.6\src\lauxlib.c">
      <Filter>lua</Filter>
    </ClCompile>
    <ClCompile Include="..\lua-5.4.6\src\lbaselib.c">
      <Filter>lua</Filter>
    </ClCompile>
    <ClCompile Include="..\lua-5.4.6\src\lcode.c">
      <Filter>lua</Filter>
    </ClCompile>
    <ClCompile Include="..\lua-5.4.6\src\lcorolib.c">
      <Filter>lua</Filter>
    </ClCompile>
    <ClCompile Include="..\lua-5.4.6\src\lctype.c">
      <Filter>lua</Filter>
    </ClCompile>
    <ClCompile Include="..\lua-5.4.6\src\ldblib.c">
      <Filter>lua</Filter>
    </ClCompile>
    <ClCompile Include="..\lua-5.4.6\src\ldebug.c">
      <Filter>lua</Filter>
    </ClCompile>
    <ClCompile Include="..\lua-5.4.6\src\ldo.c">
      <Filter>lua</Filter>
    </ClCompile>
    <ClCompile Include="..\lua-5.4.6\src\ldump.c">
      <Filter>lua</Filter>
    </ClCompile>
    <ClCompile Include="..\lua-5.4.6\src\lfunc.c">
      <Filter>lua</Filter>
    </ClCompile>
    <ClCompile Include="..\lua-5.4.6\src\lgc.c">
      <Filter>lua</Filter>
    </ClCompile>
    <ClCompile Include="..\lua-5.4.6\src\linit.c">
      <Filter>lua</Filter>
    </ClCompile>
    <ClCompile Include="..\lua-5.4.6\src\liolib.c">
      <Filter>lua</Filter>
    </ClCompile>
    <ClCompile Include="..\lua-5.4.6\src\llex.c">
      <Filter>lua</Filter>
    </ClCompile>
    <ClCompile Include="..\lua-5.4.6\src\lmathlib.c">
      <Filter>lua</Filter>
    </ClCompile>
    <ClCompile Include="..\lua-5.4.6\src\lmem.c">
      <Filter>lua</Filter>
    </ClCompile>
    <ClCompile Include="..\lua-5.4.6\src\loadlib.c">
      <Filter>lua</Filter>
    </ClCompile>
    <ClCompile Include="..\lua-5.4.6\src\lobject.c">
      <Filter>lua</Filter>
    </ClCompile>
    <ClCompile Include="..\lua-5.4.6\src\lopcodes.c">
      <Filter>lua</Filter>
    </ClCompile>
    <ClCompile Include="..\lua-5.4.6\src\loslib.c">
      <Filter>lua</Filter>
    </ClCompile>
    <ClCompile Include="..\lua-5.4.6\src\lparser.c">
      <Filter>lua</Filter>
    </ClCompile>
    <ClCompile Include="..\lua-5.4.6\src\lstate.c">
      <Filter>lua</Filter>
    </ClCompile>
    <ClCompile Include="..\lua-5.4.6\src\lstring.c">
      <Filter>lua</Filter>
    </ClCompile>
    <ClCompile Include="..\lua-5.4.6\src\lstrlib.c">
      <Filter>lua</Filter>
    </ClCompile>
    <ClCompile Include="..\lua-5.4.6\src\ltable.c">
      <Filter>lua</Filter>
    </ClCompile>
    <ClCompile Include="..\lua-5.4.6\src\ltablib.c">
      <Filter>lua</Filter>
    </ClCompile>
    <ClCompile Include="..\lua-5.4.6\src\ltm.c">
      <Filter>lua</Filter>
    </ClCompile>
    <ClCompile Include="..\lua-5.4.6\src\lua.c">
      <Filter>lua</Filter>
    </ClCompile>
    <ClCompile Include="..\lua-5.4.6\src\luac.c">
      <Filter>lua</Filter>
    </ClCompile>
    <ClCompile Include="..\lua-5.4.6\src\lundump.c">
      <Filter>lua</Filter>
    </ClCompile>
    <ClCompile Include="..\lua-5.4.6\src\lutf8lib.c">
      <Filter>lua</Filter>
    </ClCompile>
    <ClCompile Include="..\lua-5.4.6\src\lvm.c">
      <Filter>lua</Filter>
    </ClCompile>
    <ClCompile Include="..\lua-5.4.6\src\lzio.c">
      <Filter>lua</Filter>
    </ClCompile>
    <ClCompile Include="LuaManager.cpp" />
  </ItemGroup>
  <ItemGroup>
    <ClInclude Include="GfxDevice.h">
      <Filter>opengl</Filter>
    </ClInclude>
    <ClInclude Include="Shader.h">
      <Filter>opengl</Filter>
    </ClInclude>
    <ClInclude Include="Texture.h">
      <Filter>opengl</Filter>
    </ClInclude>
    <ClInclude Include="Mesh.h">
      <Filter>opengl</Filter>
    </ClInclude>
    <ClInclude Include="Camera.h" />
    <ClInclude Include="Node.h" />
    <ClInclude Include="Component.h" />
    <ClInclude Include="CameraManager.h" />
    <ClInclude Include="Render.h" />
    <ClInclude Include="RenderManager.h" />
    <ClInclude Include="Scene.h" />
    <ClInclude Include="ResourceManager.h" />
    <ClInclude Include="Prefab.h" />
    <ClInclude Include="Spin.h" />
    <ClInclude Include="LightManager.h" />
    <ClInclude Include="Light.h" />
    <ClInclude Include="Object.h" />
    <ClInclude Include="ObjectManager.h" />
    <ClInclude Include="ClassIDs.h" />
    <ClInclude Include="ObjectDefines.h" />
    <ClInclude Include="TimeManger.h" />
    <ClInclude Include="InputManager.h" />
    <ClInclude Include="ManagerContext.h" />
    <ClInclude Include="EditorCameraController.h" />
    <ClInclude Include="Font.h" />
    <ClInclude Include="TextRender.h" />
    <ClInclude Include="..\lua-5.4.6\src\lapi.h">
      <Filter>lua</Filter>
    </ClInclude>
    <ClInclude Include="..\lua-5.4.6\src\lauxlib.h">
      <Filter>lua</Filter>
    </ClInclude>
    <ClInclude Include="..\lua-5.4.6\src\lcode.h">
      <Filter>lua</Filter>
    </ClInclude>
    <ClInclude Include="..\lua-5.4.6\src\lctype.h">
      <Filter>lua</Filter>
    </ClInclude>
    <ClInclude Include="..\lua-5.4.6\src\ldebug.h">
      <Filter>lua</Filter>
    </ClInclude>
    <ClInclude Include="..\lua-5.4.6\src\ldo.h">
      <Filter>lua</Filter>
    </ClInclude>
    <ClInclude Include="..\lua-5.4.6\src\lfunc.h">
      <Filter>lua</Filter>
    </ClInclude>
    <ClInclude Include="..\lua-5.4.6\src\lgc.h">
      <Filter>lua</Filter>
    </ClInclude>
    <ClInclude Include="..\lua-5.4.6\src\ljumptab.h">
      <Filter>lua</Filter>
    </ClInclude>
    <ClInclude Include="..\lua-5.4.6\src\llex.h">
      <Filter>lua</Filter>
    </ClInclude>
    <ClInclude Include="..\lua-5.4.6\src\llimits.h">
      <Filter>lua</Filter>
    </ClInclude>
    <ClInclude Include="..\lua-5.4.6\src\lmem.h">
      <Filter>lua</Filter>
    </ClInclude>
    <ClInclude Include="..\lua-5.4.6\src\lobject.h">
      <Filter>lua</Filter>
    </ClInclude>
    <ClInclude Include="..\lua-5.4.6\src\lopcodes.h">
      <Filter>lua</Filter>
    </ClInclude>
    <ClInclude Include="..\lua-5.4.6\src\lopnames.h">
      <Filter>lua</Filter>
    </ClInclude>
    <ClInclude Include="..\lua-5.4.6\src\lparser.h">
      <Filter>lua</Filter>
    </ClInclude>
    <ClInclude Include="..\lua-5.4.6\src\lprefix.h">
      <Filter>lua</Filter>
    </ClInclude>
    <ClInclude Include="..\lua-5.4.6\src\lstate.h">
      <Filter>lua</Filter>
    </ClInclude>
    <ClInclude Include="..\lua-5.4.6\src\lstring.h">
      <Filter>lua</Filter>
    </ClInclude>
    <ClInclude Include="..\lua-5.4.6\src\ltable.h">
      <Filter>lua</Filter>
    </ClInclude>
    <ClInclude Include="..\lua-5.4.6\src\ltm.h">
      <Filter>lua</Filter>
    </ClInclude>
    <ClInclude Include="..\lua-5.4.6\src\lua.h">
      <Filter>lua</Filter>
    </ClInclude>
    <ClInclude Include="..\lua-5.4.6\src\lua.hpp">
      <Filter>lua</Filter>
    </ClInclude>
    <ClInclude Include="..\lua-5.4.6\src\luaconf.h">
      <Filter>lua</Filter>
    </ClInclude>
    <ClInclude Include="..\lua-5.4.6\src\lualib.h">
      <Filter>lua</Filter>
    </ClInclude>
    <ClInclude Include="..\lua-5.4.6\src\lundump.h">
      <Filter>lua</Filter>
    </ClInclude>
    <ClInclude Include="..\lua-5.4.6\src\lvm.h">
      <Filter>lua</Filter>
    </ClInclude>
    <ClInclude Include="..\lua-5.4.6\src\lzio.h">
      <Filter>lua</Filter>
    </ClInclude>
    <ClInclude Include="LuaManager.h" />
    <ClInclude Include="Constant.h" />
  </ItemGroup>
</Project>